
Microsoft Visual Studio Solution File, Format Version 12.00
# Visual Studio Version 16
VisualStudioVersion = 16.0.30907.101
MinimumVisualStudioVersion = 10.0.40219.1
Project("{FAE04EC0-301F-11D3-BF4B-00C04F79EFBC}") = "RockPaperScissors", "RockPaperScissors.csproj", "{BA061EA1-656E-469B-8582-C2B7CFE6C7B8}"
EndProject
Global
	GlobalSection(SolutionConfigurationPlatforms) = preSolution
		Debug|Any CPU = Debug|Any CPU
		Release|Any CPU = Release|Any CPU
	EndGlobalSection
	GlobalSection(ProjectConfigurationPlatforms) = postSolution
		{BA061EA1-656E-469B-8582-C2B7CFE6C7B8}.Debug|Any CPU.ActiveCfg = Debug|Any CPU
		{BA061EA1-656E-469B-8582-C2B7CFE6C7B8}.Debug|Any CPU.Build.0 = Debug|Any CPU
		{BA061EA1-656E-469B-8582-C2B7CFE6C7B8}.Release|Any CPU.ActiveCfg = Release|Any CPU
		{BA061EA1-656E-469B-8582-C2B7CFE6C7B8}.Release|Any CPU.Build.0 = Release|Any CPU
	EndGlobalSection
	GlobalSection(SolutionProperties) = preSolution
		HideSolutionNode = FALSE
	EndGlobalSection
	GlobalSection(ExtensibilityGlobals) = postSolution
		SolutionGuid = {18BA5B61-C6C2-42E9-95B4-E54841F82936}
	EndGlobalSection
EndGlobal
